
Microsoft Visual Studio Solution File, Format Version 12.00
# Visual Studio 15
VisualStudioVersion = 15.0.27130.2024
MinimumVisualStudioVersion = 10.0.40219.1
Project("{8BC9CEB8-8B4A-11D0-8D11-00A0C91BC942}") = "Ejercicios", "Ejercicios\Ejercicios.vcxproj", "{5D4D19FD-F042-45D8-82C3-C2FAB6ED6452}"
EndProject
Global
	GlobalSection(SolutionConfigurationPlatforms) = preSolution
		Debug|x64 = Debug|x64
		Debug|x86 = Debug|x86
		Release|x64 = Release|x64
		Release|x86 = Release|x86
	EndGlobalSection
	GlobalSection(ProjectConfigurationPlatforms) = postSolution
		{5D4D19FD-F042-45D8-82C3-C2FAB6ED6452}.Debug|x64.ActiveCfg = Debug|x64
		{5D4D19FD-F042-45D8-82C3-C2FAB6ED6452}.Debug|x64.Build.0 = Debug|x64
		{5D4D19FD-F042-45D8-82C3-C2FAB6ED6452}.Debug|x86.ActiveCfg = Debug|Win32
		{5D4D19FD-F042-45D8-82C3-C2FAB6ED6452}.Debug|x86.Build.0 = Debug|Win32
		{5D4D19FD-F042-45D8-82C3-C2FAB6ED6452}.Release|x64.ActiveCfg = Release|x64
		{5D4D19FD-F042-45D8-82C3-C2FAB6ED6452}.Release|x64.Build.0 = Release|x64
		{5D4D19FD-F042-45D8-82C3-C2FAB6ED6452}.Release|x86.ActiveCfg = Release|Win32
		{5D4D19FD-F042-45D8-82C3-C2FAB6ED6452}.Release|x86.Build.0 = Release|Win32
	EndGlobalSection
	GlobalSection(SolutionProperties) = preSolution
		HideSolutionNode = FALSE
	EndGlobalSection
	GlobalSection(ExtensibilityGlobals) = postSolution
		SolutionGuid = {23B294BF-276A-4855-B224-13077B50D304}
	EndGlobalSection
EndGlobal
