
Microsoft Visual Studio Solution File, Format Version 12.00
# Visual Studio 15
VisualStudioVersion = 15.0.27130.2024
MinimumVisualStudioVersion = 10.0.40219.1
Project("{8BC9CEB8-8B4A-11D0-8D11-00A0C91BC942}") = "Rectangulo", "Rectangulo\Rectangulo.vcxproj", "{D5D7EF24-9735-4397-A27D-3E8ADDBFBBC2}"
EndProject
Project("{8BC9CEB8-8B4A-11D0-8D11-00A0C91BC942}") = "Ordenador", "Ordenador\Ordenador.vcxproj", "{2B732C0A-134B-4C97-A7DC-F60F20D5634B}"
EndProject
Global
	GlobalSection(SolutionConfigurationPlatforms) = preSolution
		Debug|x64 = Debug|x64
		Debug|x86 = Debug|x86
		Release|x64 = Release|x64
		Release|x86 = Release|x86
	EndGlobalSection
	GlobalSection(ProjectConfigurationPlatforms) = postSolution
		{D5D7EF24-9735-4397-A27D-3E8ADDBFBBC2}.Debug|x64.ActiveCfg = Debug|x64
		{D5D7EF24-9735-4397-A27D-3E8ADDBFBBC2}.Debug|x64.Build.0 = Debug|x64
		{D5D7EF24-9735-4397-A27D-3E8ADDBFBBC2}.Debug|x86.ActiveCfg = Debug|Win32
		{D5D7EF24-9735-4397-A27D-3E8ADDBFBBC2}.Debug|x86.Build.0 = Debug|Win32
		{D5D7EF24-9735-4397-A27D-3E8ADDBFBBC2}.Release|x64.ActiveCfg = Release|x64
		{D5D7EF24-9735-4397-A27D-3E8ADDBFBBC2}.Release|x64.Build.0 = Release|x64
		{D5D7EF24-9735-4397-A27D-3E8ADDBFBBC2}.Release|x86.ActiveCfg = Release|Win32
		{D5D7EF24-9735-4397-A27D-3E8ADDBFBBC2}.Release|x86.Build.0 = Release|Win32
		{2B732C0A-134B-4C97-A7DC-F60F20D5634B}.Debug|x64.ActiveCfg = Debug|x64
		{2B732C0A-134B-4C97-A7DC-F60F20D5634B}.Debug|x64.Build.0 = Debug|x64
		{2B732C0A-134B-4C97-A7DC-F60F20D5634B}.Debug|x86.ActiveCfg = Debug|Win32
		{2B732C0A-134B-4C97-A7DC-F60F20D5634B}.Debug|x86.Build.0 = Debug|Win32
		{2B732C0A-134B-4C97-A7DC-F60F20D5634B}.Release|x64.ActiveCfg = Release|x64
		{2B732C0A-134B-4C97-A7DC-F60F20D5634B}.Release|x64.Build.0 = Release|x64
		{2B732C0A-134B-4C97-A7DC-F60F20D5634B}.Release|x86.ActiveCfg = Release|Win32
		{2B732C0A-134B-4C97-A7DC-F60F20D5634B}.Release|x86.Build.0 = Release|Win32
	EndGlobalSection
	GlobalSection(SolutionProperties) = preSolution
		HideSolutionNode = FALSE
	EndGlobalSection
	GlobalSection(ExtensibilityGlobals) = postSolution
		SolutionGuid = {CBA2A1DC-47BE-4347-99AA-9A943D5AEF31}
	EndGlobalSection
EndGlobal
